// !$*UTF8*$!
{
	archiveVersion = 1;
	classes = {
	};
	objectVersion = 56;
	objects = {

/* Begin PBXBuildFile section */
		6C53A0322B67AC2C003009F0 /* AppDelegate.swift in Sources */ = {isa = PBXBuildFile; fileRef = 6C53A0312B67AC2C003009F0 /* AppDelegate.swift */; };
		6C53A0342B67AC2C003009F0 /* SceneDelegate.swift in Sources */ = {isa = PBXBuildFile; fileRef = 6C53A0332B67AC2C003009F0 /* SceneDelegate.swift */; };
		6C53A0362B67AC2C003009F0 /* ViewController.swift in Sources */ = {isa = PBXBuildFile; fileRef = 6C53A0352B67AC2C003009F0 /* ViewController.swift */; };
		6C53A0392B67AC2C003009F0 /* Main.storyboard in Resources */ = {isa = PBXBuildFile; fileRef = 6C53A0372B67AC2C003009F0 /* Main.storyboard */; };
		6C53A03B2B67AC2E003009F0 /* Assets.xcassets in Resources */ = {isa = PBXBuildFile; fileRef = 6C53A03A2B67AC2E003009F0 /* Assets.xcassets */; };
		6C53A03E2B67AC2E003009F0 /* LaunchScreen.storyboard in Resources */ = {isa = PBXBuildFile; fileRef = 6C53A03C2B67AC2E003009F0 /* LaunchScreen.storyboard */; };
		6C53A0612B67AEB1003009F0 /* ireland.png in Resources */ = {isa = PBXBuildFile; fileRef = 6C53A0492B67AEB1003009F0 /* ireland.png */; };
		6C53A0622B67AEB1003009F0 /* monaco.png in Resources */ = {isa = PBXBuildFile; fileRef = 6C53A04A2B67AEB1003009F0 /* monaco.png */; };
		6C53A0652B67AEB1003009F0 /* russia.png in Resources */ = {isa = PBXBuildFile; fileRef = 6C53A04D2B67AEB1003009F0 /* russia.png */; };
		6C53A0672B67AEB1003009F0 /* germany.png in Resources */ = {isa = PBXBuildFile; fileRef = 6C53A04F2B67AEB1003009F0 /* germany.png */; };
		6C53A0692B67AEB1003009F0 /* spain.png in Resources */ = {isa = PBXBuildFile; fileRef = 6C53A0512B67AEB1003009F0 /* spain.png */; };
		6C53A06A2B67AEB1003009F0 /* france.png in Resources */ = {isa = PBXBuildFile; fileRef = 6C53A0522B67AEB1003009F0 /* france.png */; };
		6C53A06D2B67AEB1003009F0 /* nigeria.png in Resources */ = {isa = PBXBuildFile; fileRef = 6C53A0552B67AEB1003009F0 /* nigeria.png */; };
		6C53A06F2B67AEB1003009F0 /* italy.png in Resources */ = {isa = PBXBuildFile; fileRef = 6C53A0572B67AEB1003009F0 /* italy.png */; };
		6C53A0702B67AEB1003009F0 /* uk.png in Resources */ = {isa = PBXBuildFile; fileRef = 6C53A0582B67AEB1003009F0 /* uk.png */; };
		6C53A0722B67AEB1003009F0 /* poland.png in Resources */ = {isa = PBXBuildFile; fileRef = 6C53A05A2B67AEB1003009F0 /* poland.png */; };
		6C53A0732B67AEB1003009F0 /* estonia.png in Resources */ = {isa = PBXBuildFile; fileRef = 6C53A05B2B67AEB1003009F0 /* estonia.png */; };
		6C53A0742B67AEB1003009F0 /* us.png in Resources */ = {isa = PBXBuildFile; fileRef = 6C53A05C2B67AEB1003009F0 /* us.png */; };
		6C53A0772B67B198003009F0 /* DetailViewController.swift in Sources */ = {isa = PBXBuildFile; fileRef = 6C53A0762B67B198003009F0 /* DetailViewController.swift */; };
/* End PBXBuildFile section */

/* Begin PBXFileReference section */
		6C53A02E2B67AC2C003009F0 /* Challenge1.app */ = {isa = PBXFileReference; explicitFileType = wrapper.application; includeInIndex = 0; path = Challenge1.app; sourceTree = BUILT_PRODUCTS_DIR; };
		6C53A0312B67AC2C003009F0 /* AppDelegate.swift */ = {isa = PBXFileReference; lastKnownFileType = sourcecode.swift; path = AppDelegate.swift; sourceTree = "<group>"; };
		6C53A0332B67AC2C003009F0 /* SceneDelegate.swift */ = {isa = PBXFileReference; lastKnownFileType = sourcecode.swift; path = SceneDelegate.swift; sourceTree = "<group>"; };
		6C53A0352B67AC2C003009F0 /* ViewController.swift */ = {isa = PBXFileReference; lastKnownFileType = sourcecode.swift; path = ViewController.swift; sourceTree = "<group>"; };
		6C53A0382B67AC2C003009F0 /* Base */ = {isa = PBXFileReference; lastKnownFileType = file.storyboard; name = Base; path = Base.lproj/Main.storyboard; sourceTree = "<group>"; };
		6C53A03A2B67AC2E003009F0 /* Assets.xcassets */ = {isa = PBXFileReference; lastKnownFileType = folder.assetcatalog; path = Assets.xcassets; sourceTree = "<group>"; };
		6C53A03D2B67AC2E003009F0 /* Base */ = {isa = PBXFileReference; lastKnownFileType = file.storyboard; name = Base; path = Base.lproj/LaunchScreen.storyboard; sourceTree = "<group>"; };
		6C53A03F2B67AC2E003009F0 /* Info.plist */ = {isa = PBXFileReference; lastKnownFileType = text.plist.xml; path = Info.plist; sourceTree = "<group>"; };
		6C53A0492B67AEB1003009F0 /* ireland.png */ = {isa = PBXFileReference; lastKnownFileType = image.png; name = ireland.png; path = "../../../../HackingWithSwift/Classic/project2-files/ireland.png"; sourceTree = "<group>"; };
		6C53A04A2B67AEB1003009F0 /* monaco.png */ = {isa = PBXFileReference; lastKnownFileType = image.png; name = monaco.png; path = "../../../../HackingWithSwift/Classic/project2-files/monaco.png"; sourceTree = "<group>"; };
		6C53A04D2B67AEB1003009F0 /* russia.png */ = {isa = PBXFileReference; lastKnownFileType = image.png; name = russia.png; path = "../../../../HackingWithSwift/Classic/project2-files/russia.png"; sourceTree = "<group>"; };
		6C53A04F2B67AEB1003009F0 /* germany.png */ = {isa = PBXFileReference; lastKnownFileType = image.png; name = germany.png; path = "../../../../HackingWithSwift/Classic/project2-files/germany.png"; sourceTree = "<group>"; };
		6C53A0512B67AEB1003009F0 /* spain.png */ = {isa = PBXFileReference; lastKnownFileType = image.png; name = spain.png; path = "../../../../HackingWithSwift/Classic/project2-files/spain.png"; sourceTree = "<group>"; };
		6C53A0522B67AEB1003009F0 /* france.png */ = {isa = PBXFileReference; lastKnownFileType = image.png; name = france.png; path = "../../../../HackingWithSwift/Classic/project2-files/france.png"; sourceTree = "<group>"; };
		6C53A0552B67AEB1003009F0 /* nigeria.png */ = {isa = PBXFileReference; lastKnownFileType = image.png; name = nigeria.png; path = "../../../../HackingWithSwift/Classic/project2-files/nigeria.png"; sourceTree = "<group>"; };
		6C53A0572B67AEB1003009F0 /* italy.png */ = {isa = PBXFileReference; lastKnownFileType = image.png; name = italy.png; path = "../../../../HackingWithSwift/Classic/project2-files/italy.png"; sourceTree = "<group>"; };
		6C53A0582B67AEB1003009F0 /* uk.png */ = {isa = PBXFileReference; lastKnownFileType = image.png; name = uk.png; path = "../../../../HackingWithSwift/Classic/project2-files/uk.png"; sourceTree = "<group>"; };
		6C53A05A2B67AEB1003009F0 /* poland.png */ = {isa = PBXFileReference; lastKnownFileType = image.png; name = poland.png; path = "../../../../HackingWithSwift/Classic/project2-files/poland.png"; sourceTree = "<group>"; };
		6C53A05B2B67AEB1003009F0 /* estonia.png */ = {isa = PBXFileReference; lastKnownFileType = image.png; name = estonia.png; path = "../../../../HackingWithSwift/Classic/project2-files/estonia.png"; sourceTree = "<group>"; };
		6C53A05C2B67AEB1003009F0 /* us.png */ = {isa = PBXFileReference; lastKnownFileType = image.png; name = us.png; path = "../../../../HackingWithSwift/Classic/project2-files/us.png"; sourceTree = "<group>"; };
		6C53A0762B67B198003009F0 /* DetailViewController.swift */ = {isa = PBXFileReference; lastKnownFileType = sourcecode.swift; path = DetailViewController.swift; sourceTree = "<group>"; };
/* End PBXFileReference section */

/* Begin PBXFrameworksBuildPhase section */
		6C53A02B2B67AC2C003009F0 /* Frameworks */ = {
			isa = PBXFrameworksBuildPhase;
			buildActionMask = 2147483647;
			files = (
			);
			runOnlyForDeploymentPostprocessing = 0;
		};
/* End PBXFrameworksBuildPhase section */

/* Begin PBXGroup section */
		6C53A0252B67AC2C003009F0 = {
			isa = PBXGroup;
			children = (
				6C53A0302B67AC2C003009F0 /* Challenge1 */,
				6C53A02F2B67AC2C003009F0 /* Products */,
			);
			sourceTree = "<group>";
		};
		6C53A02F2B67AC2C003009F0 /* Products */ = {
			isa = PBXGroup;
			children = (
				6C53A02E2B67AC2C003009F0 /* Challenge1.app */,
			);
			name = Products;
			sourceTree = "<group>";
		};
		6C53A0302B67AC2C003009F0 /* Challenge1 */ = {
			isa = PBXGroup;
			children = (
				6C53A0452B67AE9B003009F0 /* Countries */,
				6C53A0312B67AC2C003009F0 /* AppDelegate.swift */,
				6C53A0332B67AC2C003009F0 /* SceneDelegate.swift */,
				6C53A0352B67AC2C003009F0 /* ViewController.swift */,
				6C53A0762B67B198003009F0 /* DetailViewController.swift */,
				6C53A0372B67AC2C003009F0 /* Main.storyboard */,
				6C53A03A2B67AC2E003009F0 /* Assets.xcassets */,
				6C53A03C2B67AC2E003009F0 /* LaunchScreen.storyboard */,
				6C53A03F2B67AC2E003009F0 /* Info.plist */,
			);
			path = Challenge1;
			sourceTree = "<group>";
		};
		6C53A0452B67AE9B003009F0 /* Countries */ = {
			isa = PBXGroup;
			children = (
				6C53A05B2B67AEB1003009F0 /* estonia.png */,
				6C53A0522B67AEB1003009F0 /* france.png */,
				6C53A04F2B67AEB1003009F0 /* germany.png */,
				6C53A0492B67AEB1003009F0 /* ireland.png */,
				6C53A0572B67AEB1003009F0 /* italy.png */,
				6C53A04A2B67AEB1003009F0 /* monaco.png */,
				6C53A0552B67AEB1003009F0 /* nigeria.png */,
				6C53A05A2B67AEB1003009F0 /* poland.png */,
				6C53A04D2B67AEB1003009F0 /* russia.png */,
				6C53A0512B67AEB1003009F0 /* spain.png */,
				6C53A0582B67AEB1003009F0 /* uk.png */,
				6C53A05C2B67AEB1003009F0 /* us.png */,
			);
			path = Countries;
			sourceTree = "<group>";
		};
/* End PBXGroup section */

/* Begin PBXNativeTarget section */
		6C53A02D2B67AC2C003009F0 /* Challenge1 */ = {
			isa = PBXNativeTarget;
			buildConfigurationList = 6C53A0422B67AC2E003009F0 /* Build configuration list for PBXNativeTarget "Challenge1" */;
			buildPhases = (
				6C53A02A2B67AC2C003009F0 /* Sources */,
				6C53A02B2B67AC2C003009F0 /* Frameworks */,
				6C53A02C2B67AC2C003009F0 /* Resources */,
			);
			buildRules = (
			);
			dependencies = (
			);
			name = Challenge1;
			productName = Challenge1;
			productReference = 6C53A02E2B67AC2C003009F0 /* Challenge1.app */;
			productType = "com.apple.product-type.application";
		};
/* End PBXNativeTarget section */

/* Begin PBXProject section */
		6C53A0262B67AC2C003009F0 /* Project object */ = {
			isa = PBXProject;
			attributes = {
				BuildIndependentTargetsInParallel = 1;
				LastSwiftUpdateCheck = 1510;
				LastUpgradeCheck = 1510;
				TargetAttributes = {
					6C53A02D2B67AC2C003009F0 = {
						CreatedOnToolsVersion = 15.1;
					};
				};
			};
			buildConfigurationList = 6C53A0292B67AC2C003009F0 /* Build configuration list for PBXProject "Challenge1" */;
			compatibilityVersion = "Xcode 14.0";
			developmentRegion = en;
			hasScannedForEncodings = 0;
			knownRegions = (
				en,
				Base,
			);
			mainGroup = 6C53A0252B67AC2C003009F0;
			productRefGroup = 6C53A02F2B67AC2C003009F0 /* Products */;
			projectDirPath = "";
			projectRoot = "";
			targets = (
				6C53A02D2B67AC2C003009F0 /* Challenge1 */,
			);
		};
/* End PBXProject section */

/* Begin PBXResourcesBuildPhase section */
		6C53A02C2B67AC2C003009F0 /* Resources */ = {
			isa = PBXResourcesBuildPhase;
			buildActionMask = 2147483647;
			files = (
				6C53A03E2B67AC2E003009F0 /* LaunchScreen.storyboard in Resources */,
				6C53A0742B67AEB1003009F0 /* us.png in Resources */,
				6C53A0672B67AEB1003009F0 /* germany.png in Resources */,
				6C53A06F2B67AEB1003009F0 /* italy.png in Resources */,
				6C53A03B2B67AC2E003009F0 /* Assets.xcassets in Resources */,
				6C53A0722B67AEB1003009F0 /* poland.png in Resources */,
				6C53A0732B67AEB1003009F0 /* estonia.png in Resources */,
				6C53A0392B67AC2C003009F0 /* Main.storyboard in Resources */,
				6C53A0612B67AEB1003009F0 /* ireland.png in Resources */,
				6C53A06A2B67AEB1003009F0 /* france.png in Resources */,
				6C53A0702B67AEB1003009F0 /* uk.png in Resources */,
				6C53A0652B67AEB1003009F0 /* russia.png in Resources */,
				6C53A0692B67AEB1003009F0 /* spain.png in Resources */,
				6C53A0622B67AEB1003009F0 /* monaco.png in Resources */,
				6C53A06D2B67AEB1003009F0 /* nigeria.png in Resources */,
			);
			runOnlyForDeploymentPostprocessing = 0;
		};
/* End PBXResourcesBuildPhase section */

/* Begin PBXSourcesBuildPhase section */
		6C53A02A2B67AC2C003009F0 /* Sources */ = {
			isa = PBXSourcesBuildPhase;
			buildActionMask = 2147483647;
			files = (
				6C53A0362B67AC2C003009F0 /* ViewController.swift in Sources */,
				6C53A0322B67AC2C003009F0 /* AppDelegate.swift in Sources */,
				6C53A0342B67AC2C003009F0 /* SceneDelegate.swift in Sources */,
				6C53A0772B67B198003009F0 /* DetailViewController.swift in Sources */,
			);
			runOnlyForDeploymentPostprocessing = 0;
		};
/* End PBXSourcesBuildPhase section */

/* Begin PBXVariantGroup section */
		6C53A0372B67AC2C003009F0 /* Main.storyboard */ = {
			isa = PBXVariantGroup;
			children = (
				6C53A0382B67AC2C003009F0 /* Base */,
			);
			name = Main.storyboard;
			sourceTree = "<group>";
		};
		6C53A03C2B67AC2E003009F0 /* LaunchScreen.storyboard */ = {
			isa = PBXVariantGroup;
			children = (
				6C53A03D2B67AC2E003009F0 /* Base */,
			);
			name = LaunchScreen.storyboard;
			sourceTree = "<group>";
		};
/* End PBXVariantGroup section */

/* Begin XCBuildConfiguration section */
		6C53A0402B67AC2E003009F0 /* Debug */ = {
			isa = XCBuildConfiguration;
			buildSettings = {
				ALWAYS_SEARCH_USER_PATHS = NO;
				ASSETCATALOG_COMPILER_GENERATE_SWIFT_ASSET_SYMBOL_EXTENSIONS = YES;
				CLANG_ANALYZER_NONNULL = YES;
				CLANG_ANALYZER_NUMBER_OBJECT_CONVERSION = YES_AGGRESSIVE;
				CLANG_CXX_LANGUAGE_STANDARD = "gnu++20";
				CLANG_ENABLE_MODULES = YES;
				CLANG_ENABLE_OBJC_ARC = YES;
				CLANG_ENABLE_OBJC_WEAK = YES;
				CLANG_WARN_BLOCK_CAPTURE_AUTORELEASING = YES;
				CLANG_WARN_BOOL_CONVERSION = YES;
				CLANG_WARN_COMMA = YES;
				CLANG_WARN_CONSTANT_CONVERSION = YES;
				CLANG_WARN_DEPRECATED_OBJC_IMPLEMENTATIONS = YES;
				CLANG_WARN_DIRECT_OBJC_ISA_USAGE = YES_ERROR;
				CLANG_WARN_DOCUMENTATION_COMMENTS = YES;
				CLANG_WARN_EMPTY_BODY = YES;
				CLANG_WARN_ENUM_CONVERSION = YES;
				CLANG_WARN_INFINITE_RECURSION = YES;
				CLANG_WARN_INT_CONVERSION = YES;
				CLANG_WARN_NON_LITERAL_NULL_CONVERSION = YES;
				CLANG_WARN_OBJC_IMPLICIT_RETAIN_SELF = YES;
				CLANG_WARN_OBJC_LITERAL_CONVERSION = YES;
				CLANG_WARN_OBJC_ROOT_CLASS = YES_ERROR;
				CLANG_WARN_QUOTED_INCLUDE_IN_FRAMEWORK_HEADER = YES;
				CLANG_WARN_RANGE_LOOP_ANALYSIS = YES;
				CLANG_WARN_STRICT_PROTOTYPES = YES;
				CLANG_WARN_SUSPICIOUS_MOVE = YES;
				CLANG_WARN_UNGUARDED_AVAILABILITY = YES_AGGRESSIVE;
				CLANG_WARN_UNREACHABLE_CODE = YES;
				CLANG_WARN__DUPLICATE_METHOD_MATCH = YES;
				COPY_PHASE_STRIP = NO;
				DEBUG_INFORMATION_FORMAT = dwarf;
				ENABLE_STRICT_OBJC_MSGSEND = YES;
				ENABLE_TESTABILITY = YES;
				ENABLE_USER_SCRIPT_SANDBOXING = YES;
				GCC_C_LANGUAGE_STANDARD = gnu17;
				GCC_DYNAMIC_NO_PIC = NO;
				GCC_NO_COMMON_BLOCKS = YES;
				GCC_OPTIMIZATION_LEVEL = 0;
				GCC_PREPROCESSOR_DEFINITIONS = (
					"DEBUG=1",
					"$(inherited)",
				);
				GCC_WARN_64_TO_32_BIT_CONVERSION = YES;
				GCC_WARN_ABOUT_RETURN_TYPE = YES_ERROR;
				GCC_WARN_UNDECLARED_SELECTOR = YES;
				GCC_WARN_UNINITIALIZED_AUTOS = YES_AGGRESSIVE;
				GCC_WARN_UNUSED_FUNCTION = YES;
				GCC_WARN_UNUSED_VARIABLE = YES;
				IPHONEOS_DEPLOYMENT_TARGET = 17.2;
				LOCALIZATION_PREFERS_STRING_CATALOGS = YES;
				MTL_ENABLE_DEBUG_INFO = INCLUDE_SOURCE;
				MTL_FAST_MATH = YES;
				ONLY_ACTIVE_ARCH = YES;
				SDKROOT = iphoneos;
				SWIFT_ACTIVE_COMPILATION_CONDITIONS = "DEBUG $(inherited)";
				SWIFT_OPTIMIZATION_LEVEL = "-Onone";
			};
			name = Debug;
		};
		6C53A0412B67AC2E003009F0 /* Release */ = {
			isa = XCBuildConfiguration;
			buildSettings = {
				ALWAYS_SEARCH_USER_PATHS = NO;
				ASSETCATALOG_COMPILER_GENERATE_SWIFT_ASSET_SYMBOL_EXTENSIONS = YES;
				CLANG_ANALYZER_NONNULL = YES;
				CLANG_ANALYZER_NUMBER_OBJECT_CONVERSION = YES_AGGRESSIVE;
				CLANG_CXX_LANGUAGE_STANDARD = "gnu++20";
				CLANG_ENABLE_MODULES = YES;
				CLANG_ENABLE_OBJC_ARC = YES;
				CLANG_ENABLE_OBJC_WEAK = YES;
				CLANG_WARN_BLOCK_CAPTURE_AUTORELEASING = YES;
				CLANG_WARN_BOOL_CONVERSION = YES;
				CLANG_WARN_COMMA = YES;
				CLANG_WARN_CONSTANT_CONVERSION = YES;
				CLANG_WARN_DEPRECATED_OBJC_IMPLEMENTATIONS = YES;
				CLANG_WARN_DIRECT_OBJC_ISA_USAGE = YES_ERROR;
				CLANG_WARN_DOCUMENTATION_COMMENTS = YES;
				CLANG_WARN_EMPTY_BODY = YES;
				CLANG_WARN_ENUM_CONVERSION = YES;
				CLANG_WARN_INFINITE_RECURSION = YES;
				CLANG_WARN_INT_CONVERSION = YES;
				CLANG_WARN_NON_LITERAL_NULL_CONVERSION = YES;
				CLANG_WARN_OBJC_IMPLICIT_RETAIN_SELF = YES;
				CLANG_WARN_OBJC_LITERAL_CONVERSION = YES;
				CLANG_WARN_OBJC_ROOT_CLASS = YES_ERROR;
				CLANG_WARN_QUOTED_INCLUDE_IN_FRAMEWORK_HEADER = YES;
				CLANG_WARN_RANGE_LOOP_ANALYSIS = YES;
				CLANG_WARN_STRICT_PROTOTYPES = YES;
				CLANG_WARN_SUSPICIOUS_MOVE = YES;
				CLANG_WARN_UNGUARDED_AVAILABILITY = YES_AGGRESSIVE;
				CLANG_WARN_UNREACHABLE_CODE = YES;
				CLANG_WARN__DUPLICATE_METHOD_MATCH = YES;
				COPY_PHASE_STRIP = NO;
				DEBUG_INFORMATION_FORMAT = "dwarf-with-dsym";
				ENABLE_NS_ASSERTIONS = NO;
				ENABLE_STRICT_OBJC_MSGSEND = YES;
				ENABLE_USER_SCRIPT_SANDBOXING = YES;
				GCC_C_LANGUAGE_STANDARD = gnu17;
				GCC_NO_COMMON_BLOCKS = YES;
				GCC_WARN_64_TO_32_BIT_CONVERSION = YES;
				GCC_WARN_ABOUT_RETURN_TYPE = YES_ERROR;
				GCC_WARN_UNDECLARED_SELECTOR = YES;
				GCC_WARN_UNINITIALIZED_AUTOS = YES_AGGRESSIVE;
				GCC_WARN_UNUSED_FUNCTION = YES;
				GCC_WARN_UNUSED_VARIABLE = YES;
				IPHONEOS_DEPLOYMENT_TARGET = 17.2;
				LOCALIZATION_PREFERS_STRING_CATALOGS = YES;
				MTL_ENABLE_DEBUG_INFO = NO;
				MTL_FAST_MATH = YES;
				SDKROOT = iphoneos;
				SWIFT_COMPILATION_MODE = wholemodule;
				VALIDATE_PRODUCT = YES;
			};
			name = Release;
		};
		6C53A0432B67AC2E003009F0 /* Debug */ = {
			isa = XCBuildConfiguration;
			buildSettings = {
				ASSETCATALOG_COMPILER_APPICON_NAME = AppIcon;
				ASSETCATALOG_COMPILER_GLOBAL_ACCENT_COLOR_NAME = AccentColor;
				CODE_SIGN_STYLE = Automatic;
				CURRENT_PROJECT_VERSION = 1;
				DEVELOPMENT_TEAM = 57DDT5D7L5;
				GENERATE_INFOPLIST_FILE = YES;
				INFOPLIST_FILE = Challenge1/Info.plist;
				INFOPLIST_KEY_UIApplicationSupportsIndirectInputEvents = YES;
				INFOPLIST_KEY_UILaunchStoryboardName = LaunchScreen;
				INFOPLIST_KEY_UIMainStoryboardFile = Main;
				INFOPLIST_KEY_UISupportedInterfaceOrientations_iPad = "UIInterfaceOrientationPortrait UIInterfaceOrientationPortraitUpsideDown UIInterfaceOrientationLandscapeLeft UIInterfaceOrientationLandscapeRight";
				INFOPLIST_KEY_UISupportedInterfaceOrientations_iPhone = "UIInterfaceOrientationPortrait UIInterfaceOrientationLandscapeLeft UIInterfaceOrientationLandscapeRight";
				LD_RUNPATH_SEARCH_PATHS = (
					"$(inherited)",
					"@executable_path/Frameworks",
				);
				MARKETING_VERSION = 1.0;
				PRODUCT_BUNDLE_IDENTIFIER = com.adhafajri.Challenge1;
				PRODUCT_NAME = "$(TARGET_NAME)";
				SWIFT_EMIT_LOC_STRINGS = YES;
				SWIFT_VERSION = 5.0;
				TARGETED_DEVICE_FAMILY = "1,2";
			};
			name = Debug;
		};
		6C53A0442B67AC2E003009F0 /* Release */ = {
			isa = XCBuildConfiguration;
			buildSettings = {
				ASSETCATALOG_COMPILER_APPICON_NAME = AppIcon;
				ASSETCATALOG_COMPILER_GLOBAL_ACCENT_COLOR_NAME = AccentColor;
				CODE_SIGN_STYLE = Automatic;
				CURRENT_PROJECT_VERSION = 1;
				DEVELOPMENT_TEAM = 57DDT5D7L5;
				GENERATE_INFOPLIST_FILE = YES;
				INFOPLIST_FILE = Challenge1/Info.plist;
				INFOPLIST_KEY_UIApplicationSupportsIndirectInputEvents = YES;
				INFOPLIST_KEY_UILaunchStoryboardName = LaunchScreen;
				INFOPLIST_KEY_UIMainStoryboardFile = Main;
				INFOPLIST_KEY_UISupportedInterfaceOrientations_iPad = "UIInterfaceOrientationPortrait UIInterfaceOrientationPortraitUpsideDown UIInterfaceOrientationLandscapeLeft UIInterfaceOrientationLandscapeRight";
				INFOPLIST_KEY_UISupportedInterfaceOrientations_iPhone = "UIInterfaceOrientationPortrait UIInterfaceOrientationLandscapeLeft UIInterfaceOrientationLandscapeRight";
				LD_RUNPATH_SEARCH_PATHS = (
					"$(inherited)",
					"@executable_path/Frameworks",
				);
				MARKETING_VERSION = 1.0;
				PRODUCT_BUNDLE_IDENTIFIER = com.adhafajri.Challenge1;
				PRODUCT_NAME = "$(TARGET_NAME)";
				SWIFT_EMIT_LOC_STRINGS = YES;
				SWIFT_VERSION = 5.0;
				TARGETED_DEVICE_FAMILY = "1,2";
			};
			name = Release;
		};
/* End XCBuildConfiguration section */

/* Begin XCConfigurationList section */
		6C53A0292B67AC2C003009F0 /* Build configuration list for PBXProject "Challenge1" */ = {
			isa = XCConfigurationList;
			buildConfigurations = (
				6C53A0402B67AC2E003009F0 /* Debug */,
				6C53A0412B67AC2E003009F0 /* Release */,
			);
			defaultConfigurationIsVisible = 0;
			defaultConfigurationName = Release;
		};
		6C53A0422B67AC2E003009F0 /* Build configuration list for PBXNativeTarget "Challenge1" */ = {
			isa = XCConfigurationList;
			buildConfigurations = (
				6C53A0432B67AC2E003009F0 /* Debug */,
				6C53A0442B67AC2E003009F0 /* Release */,
			);
			defaultConfigurationIsVisible = 0;
			defaultConfigurationName = Release;
		};
/* End XCConfigurationList section */
	};
	rootObject = 6C53A0262B67AC2C003009F0 /* Project object */;
}
